
Microsoft Visual Studio Solution File, Format Version 12.00
# Visual Studio Version 16
VisualStudioVersion = 16.0.31613.86
MinimumVisualStudioVersion = 10.0.40219.1
Project("{FAE04EC0-301F-11D3-BF4B-00C04F79EFBC}") = "CLASES - PARADIGMAS", "CLASES - PARADIGMAS\CLASES - PARADIGMAS.csproj", "{C975F718-6D1D-4749-959F-A4C772253CB5}"
EndProject
Global
	GlobalSection(SolutionConfigurationPlatforms) = preSolution
		Debug|Any CPU = Debug|Any CPU
		Release|Any CPU = Release|Any CPU
	EndGlobalSection
	GlobalSection(ProjectConfigurationPlatforms) = postSolution
		{C975F718-6D1D-4749-959F-A4C772253CB5}.Debug|Any CPU.ActiveCfg = Debug|Any CPU
		{C975F718-6D1D-4749-959F-A4C772253CB5}.Debug|Any CPU.Build.0 = Debug|Any CPU
		{C975F718-6D1D-4749-959F-A4C772253CB5}.Release|Any CPU.ActiveCfg = Release|Any CPU
		{C975F718-6D1D-4749-959F-A4C772253CB5}.Release|Any CPU.Build.0 = Release|Any CPU
	EndGlobalSection
	GlobalSection(SolutionProperties) = preSolution
		HideSolutionNode = FALSE
	EndGlobalSection
	GlobalSection(ExtensibilityGlobals) = postSolution
		SolutionGuid = {F0C72EFF-A525-4D09-BD69-2D34D7908A6F}
	EndGlobalSection
EndGlobal
